
Microsoft Visual Studio Solution File, Format Version 12.00
# Visual Studio Version 17
VisualStudioVersion = 17.10.35122.118
MinimumVisualStudioVersion = 10.0.40219.1
Project("{FAE04EC0-301F-11D3-BF4B-00C04F79EFBC}") = "DCPlaylistBot", "DCPlaylistBot\DCPlaylistBot.csproj", "{6F36F7FA-9CB8-460D-8774-6E19BD18EDD1}"
EndProject
Global
	GlobalSection(SolutionConfigurationPlatforms) = preSolution
		Debug|Any CPU = Debug|Any CPU
		Release|Any CPU = Release|Any CPU
	EndGlobalSection
	GlobalSection(ProjectConfigurationPlatforms) = postSolution
		{6F36F7FA-9CB8-460D-8774-6E19BD18EDD1}.Debug|Any CPU.ActiveCfg = Debug|Any CPU
		{6F36F7FA-9CB8-460D-8774-6E19BD18EDD1}.Debug|Any CPU.Build.0 = Debug|Any CPU
		{6F36F7FA-9CB8-460D-8774-6E19BD18EDD1}.Release|Any CPU.ActiveCfg = Release|Any CPU
		{6F36F7FA-9CB8-460D-8774-6E19BD18EDD1}.Release|Any CPU.Build.0 = Release|Any CPU
	EndGlobalSection
	GlobalSection(SolutionProperties) = preSolution
		HideSolutionNode = FALSE
	EndGlobalSection
	GlobalSection(ExtensibilityGlobals) = postSolution
		SolutionGuid = {B077F54B-8C03-4EDF-B703-477900E2B778}
	EndGlobalSection
EndGlobal
